
Microsoft Visual Studio Solution File, Format Version 12.00
# Visual Studio Version 16
VisualStudioVersion = 16.0.31129.286
MinimumVisualStudioVersion = 10.0.40219.1
Project("{FAE04EC0-301F-11D3-BF4B-00C04F79EFBC}") = "3SmallestNumbers", "3SmallestNumbers\3SmallestNumbers.csproj", "{A8ADDECE-69F7-4CB0-85B2-4F891F4DA0AA}"
EndProject
Global
	GlobalSection(SolutionConfigurationPlatforms) = preSolution
		Debug|Any CPU = Debug|Any CPU
		Release|Any CPU = Release|Any CPU
	EndGlobalSection
	GlobalSection(ProjectConfigurationPlatforms) = postSolution
		{A8ADDECE-69F7-4CB0-85B2-4F891F4DA0AA}.Debug|Any CPU.ActiveCfg = Debug|Any CPU
		{A8ADDECE-69F7-4CB0-85B2-4F891F4DA0AA}.Debug|Any CPU.Build.0 = Debug|Any CPU
		{A8ADDECE-69F7-4CB0-85B2-4F891F4DA0AA}.Release|Any CPU.ActiveCfg = Release|Any CPU
		{A8ADDECE-69F7-4CB0-85B2-4F891F4DA0AA}.Release|Any CPU.Build.0 = Release|Any CPU
	EndGlobalSection
	GlobalSection(SolutionProperties) = preSolution
		HideSolutionNode = FALSE
	EndGlobalSection
	GlobalSection(ExtensibilityGlobals) = postSolution
		SolutionGuid = {8706D161-5717-4A14-B752-D0CA02FD49BF}
	EndGlobalSection
EndGlobal
